github.com/KanbanGuides/KanbanGuides/site v0.0.0-20250807073058-1fb088304516 h1:bQ4DavaR+iSUnp08SEGOJX8QF9gPKBiemz4Hcxmz4hw=
github.com/KanbanGuides/KanbanGuides/site v0.0.0-20250807073058-1fb088304516/go.mod h1:9SBjS7dL3fK2jPW/8vSRTH5Z3uogJHgV4P8cHF733c4=
github.com/KanbanGuides/KanbanGuides/site v0.0.0-20260428153400-977350e6032b h1:QBfHsGv7sMXAfnqplwPAAnHe32dOdd5ZFF9O3VD9a04=
github.com/KanbanGuides/KanbanGuides/site v0.0.0-20260428153400-977350e6032b/go.mod h1:M3q4Sgs2szxmS0Z/SwKocFTOnnmLhY7cdFayVw738mg=
