# This file is machine-generated by `gh actions-lock`.
# Do not edit by hand; run `gh actions-lock` to update.
# Docs: https://gh.io/actions-lockfile
version: 'v0.0.2'
workflows:
    '.github/workflows/guide-site-build.yaml':
        - 'actions/checkout@v4'
        - 'actions/download-artifact@v4'
        - 'actions/setup-go@v5'
        - 'actions/upload-artifact@v4'
        - 'azure/static-web-apps-deploy@v1'
        - 'peaceiris/actions-hugo@v3'
    '.github/workflows/guide-site-close-pr.yaml':
        - 'azure/static-web-apps-deploy@v1'
    '.github/workflows/main.yaml':
        - 'actions/checkout@v4'
        - 'actions/download-artifact@v4'
        - 'actions/setup-go@v5'
        - 'actions/upload-artifact@v4'
        - 'gittools/actions@v3'
        - 'peaceiris/actions-hugo@v3'
dependencies:
    'actions/checkout@v4':
        ref: 'v4'
        commit: 'sha1-11d5960a326750d5838078e36cf38b85af677262'
        owner_id: 44036562
        repo_id: 197814629
    'actions/download-artifact@v4':
        ref: 'v4'
        commit: 'sha1-d3f86a106a0bac45b974a628896c90dbdf5c8093'
        owner_id: 44036562
        repo_id: 192626254
    'actions/setup-go@v5':
        ref: 'v5'
        commit: 'sha1-40f1582b2485089dde7abd97c1529aa768e1baff'
        owner_id: 44036562
        repo_id: 192624594
    'actions/upload-artifact@v4':
        ref: 'v4'
        commit: 'sha1-ea165f8d65b6e75b540449e92b4886f43607fa02'
        owner_id: 44036562
        repo_id: 192625955
    'azure/static-web-apps-deploy@v1':
        ref: 'v1'
        commit: 'sha1-1a947af9992250f3bc2e68ad0754c0b0c11566c9'
        owner_id: 6844498
        repo_id: 256014197
    'gittools/actions@v3':
        ref: 'v3'
        commit: 'sha1-51d325634925d7d9ce0a7efc2c586c0bc2b9eee6'
        owner_id: 11839771
        repo_id: 220321564
    'peaceiris/actions-hugo@v3':
        ref: 'v3'
        commit: 'sha1-2752ce1d29631191ea3f27c23495fa06139a5b78'
        owner_id: 30958501
        repo_id: 187902720
